
Microsoft Visual Studio Solution File, Format Version 12.00
# Visual Studio 15
VisualStudioVersion = 15.0.27004.2005
MinimumVisualStudioVersion = 10.0.40219.1
Project("{FAE04EC0-301F-11D3-BF4B-00C04F79EFBC}") = "WebApplication2", "WebApplication2\WebApplication2.csproj", "{33AD3873-DD0B-46FE-8B75-BB6F8467A31F}"
EndProject
Global
	GlobalSection(SolutionConfigurationPlatforms) = preSolution
		Debug|Any CPU = Debug|Any CPU
		Release|Any CPU = Release|Any CPU
	EndGlobalSection
	GlobalSection(ProjectConfigurationPlatforms) = postSolution
		{33AD3873-DD0B-46FE-8B75-BB6F8467A31F}.Debug|Any CPU.ActiveCfg = Debug|Any CPU
		{33AD3873-DD0B-46FE-8B75-BB6F8467A31F}.Debug|Any CPU.Build.0 = Debug|Any CPU
		{33AD3873-DD0B-46FE-8B75-BB6F8467A31F}.Release|Any CPU.ActiveCfg = Release|Any CPU
		{33AD3873-DD0B-46FE-8B75-BB6F8467A31F}.Release|Any CPU.Build.0 = Release|Any CPU
	EndGlobalSection
	GlobalSection(SolutionProperties) = preSolution
		HideSolutionNode = FALSE
	EndGlobalSection
	GlobalSection(ExtensibilityGlobals) = postSolution
		SolutionGuid = {521B18B1-8668-40B6-83CA-B9389721A6DD}
	EndGlobalSection
EndGlobal
